{
  "nodes": {
    "darwin": {
      "inputs": {
        "nixpkgs": [
          "nixpkgs"
        ]
      },
      "locked": {
        "lastModified": 1689260591,
        "narHash": "sha256-d4lwp7mLOuXVOntmFm3nIR7Q1sCIw7wfpKB1dZVKtyw=",
        "owner": "lnl7",
        "repo": "nix-darwin",
        "rev": "d468d4e813bb3ebe91e8d82ffed2f21852fa8909",
        "type": "github"
      },
      "original": {
        "owner": "lnl7",
        "repo": "nix-darwin",
        "type": "github"
      }
    },
    "homeManager": {
      "inputs": {
        "nixpkgs": [
          "nixpkgs"
        ]
      },
      "locked": {
        "lastModified": 1687871164,
        "narHash": "sha256-bBFlPthuYX322xOlpJvkjUBz0C+MOBjZdDOOJJ+G2jU=",
        "owner": "nix-community",
        "repo": "home-manager",
        "rev": "07c347bb50994691d7b0095f45ebd8838cf6bc38",
        "type": "github"
      },
      "original": {
        "owner": "nix-community",
        "ref": "release-23.05",
        "repo": "home-manager",
        "type": "github"
      }
    },
    "nixIndexDatabase": {
      "inputs": {
        "nixpkgs": [
          "nixpkgs"
        ]
      },
      "locked": {
        "lastModified": 1688874465,
        "narHash": "sha256-BUwl+tq40EjkufTZkqf3lWFzxOA/mYBTHz+p5uJtjaY=",
        "owner": "Mic92",
        "repo": "nix-index-database",
        "rev": "757114749d4613cf71f3748e780a1be8a67a5d3c",
        "type": "github"
      },
      "original": {
        "owner": "Mic92",
        "repo": "nix-index-database",
        "type": "github"
      }
    },
    "nixpkgs": {
      "locked": {
        "lastModified": 1689238668,
        "narHash": "sha256-pMaYIKARDi95bPg6Lm02JBLK2dR+87Q3g/ssaSLUBOk=",
        "owner": "NixOS",
        "repo": "nixpkgs",
        "rev": "3238fc2e4884c03975fd0c832adbd3cc3d7fe65c",
        "type": "github"
      },
      "original": {
        "owner": "NixOS",
        "ref": "nixpkgs-23.05-darwin",
        "repo": "nixpkgs",
        "type": "github"
      }
    },
    "root": {
      "inputs": {
        "darwin": "darwin",
        "homeManager": "homeManager",
        "nixIndexDatabase": "nixIndexDatabase",
        "nixpkgs": "nixpkgs",
        "unstable": "unstable"
      }
    },
    "unstable": {
      "locked": {
        "lastModified": 1689230645,
        "narHash": "sha256-5PKMCkMQIhdW6DFpNVm4DOQ81PoSPsYcTL3fqlBUWpA=",
        "owner": "NixOS",
        "repo": "nixpkgs",
        "rev": "686945e0c07d68a6ca624438f1623fd3284ec15d",
        "type": "github"
      },
      "original": {
        "owner": "NixOS",
        "ref": "nixpkgs-unstable",
        "repo": "nixpkgs",
        "type": "github"
      }
    }
  },
  "root": "root",
  "version": 7
}
